github.com/Theani33/funtemps v0.0.0-20230502215525-88c666d2fb71 h1:7CzgQFvAor9sb1UokiUeKvO61tBarzPKz/PO31WLp7k=
github.com/Theani33/funtemps v0.0.0-20230502215525-88c666d2fb71/go.mod h1:BfgoqPIXcOZlWAhP3cO7ToAkY6lmkEuQ2hVxtd7+Be0=
github.com/Theani33/is105sem03 v0.0.0-20230424092439-bc72416f97be h1:DilxQR4IJvsduf/qf5iRLMmAGHXgH3I3SAz9efCVk/I=
github.com/Theani33/is105sem03 v0.0.0-20230424092439-bc72416f97be/go.mod h1:gNI/uX28oStR1gTXc9mLh7LlF4lld7Z06OR6itDFxLI=
